
Microsoft Visual Studio Solution File, Format Version 12.00
# Visual Studio 2013
VisualStudioVersion = 12.0.30723.0
MinimumVisualStudioVersion = 10.0.40219.1
Project("{FAE04EC0-301F-11D3-BF4B-00C04F79EFBC}") = "GUI", "GUI\GUI.csproj", "{1B1E4505-A34F-4202-86AB-39F5B5FF4E83}"
EndProject
Project("{FAE04EC0-301F-11D3-BF4B-00C04F79EFBC}") = "BUS", "BUS\BUS.csproj", "{09722904-D81C-49B5-8F1E-8055BBFB6B1D}"
EndProject
Project("{FAE04EC0-301F-11D3-BF4B-00C04F79EFBC}") = "DAL", "DAL\DAL.csproj", "{A94FF8EF-1D5B-42BE-A764-3F0A705D7D18}"
EndProject
Project("{FAE04EC0-301F-11D3-BF4B-00C04F79EFBC}") = "DTO", "DTO\DTO.csproj", "{DAE7E279-634C-4EE6-B407-8887CF5CAA51}"
EndProject
Project("{FAE04EC0-301F-11D3-BF4B-00C04F79EFBC}") = "CustomControl", "CustomControl\CustomControl.csproj", "{2509E988-5758-4B41-9EC3-6F04D0384682}"
EndProject
Global
	GlobalSection(SolutionConfigurationPlatforms) = preSolution
		Debug|Any CPU = Debug|Any CPU
		Release|Any CPU = Release|Any CPU
	EndGlobalSection
	GlobalSection(ProjectConfigurationPlatforms) = postSolution
		{1B1E4505-A34F-4202-86AB-39F5B5FF4E83}.Debug|Any CPU.ActiveCfg = Debug|Any CPU
		{1B1E4505-A34F-4202-86AB-39F5B5FF4E83}.Debug|Any CPU.Build.0 = Debug|Any CPU
		{1B1E4505-A34F-4202-86AB-39F5B5FF4E83}.Release|Any CPU.ActiveCfg = Release|Any CPU
		{1B1E4505-A34F-4202-86AB-39F5B5FF4E83}.Release|Any CPU.Build.0 = Release|Any CPU
		{09722904-D81C-49B5-8F1E-8055BBFB6B1D}.Debug|Any CPU.ActiveCfg = Debug|Any CPU
		{09722904-D81C-49B5-8F1E-8055BBFB6B1D}.Debug|Any CPU.Build.0 = Debug|Any CPU
		{09722904-D81C-49B5-8F1E-8055BBFB6B1D}.Release|Any CPU.ActiveCfg = Release|Any CPU
		{09722904-D81C-49B5-8F1E-8055BBFB6B1D}.Release|Any CPU.Build.0 = Release|Any CPU
		{A94FF8EF-1D5B-42BE-A764-3F0A705D7D18}.Debug|Any CPU.ActiveCfg = Debug|Any CPU
		{A94FF8EF-1D5B-42BE-A764-3F0A705D7D18}.Debug|Any CPU.Build.0 = Debug|Any CPU
		{A94FF8EF-1D5B-42BE-A764-3F0A705D7D18}.Release|Any CPU.ActiveCfg = Release|Any CPU
		{A94FF8EF-1D5B-42BE-A764-3F0A705D7D18}.Release|Any CPU.Build.0 = Release|Any CPU
		{DAE7E279-634C-4EE6-B407-8887CF5CAA51}.Debug|Any CPU.ActiveCfg = Debug|Any CPU
		{DAE7E279-634C-4EE6-B407-8887CF5CAA51}.Debug|Any CPU.Build.0 = Debug|Any CPU
		{DAE7E279-634C-4EE6-B407-8887CF5CAA51}.Release|Any CPU.ActiveCfg = Release|Any CPU
		{DAE7E279-634C-4EE6-B407-8887CF5CAA51}.Release|Any CPU.Build.0 = Release|Any CPU
		{2509E988-5758-4B41-9EC3-6F04D0384682}.Debug|Any CPU.ActiveCfg = Debug|Any CPU
		{2509E988-5758-4B41-9EC3-6F04D0384682}.Debug|Any CPU.Build.0 = Debug|Any CPU
		{2509E988-5758-4B41-9EC3-6F04D0384682}.Release|Any CPU.ActiveCfg = Release|Any CPU
		{2509E988-5758-4B41-9EC3-6F04D0384682}.Release|Any CPU.Build.0 = Release|Any CPU
	EndGlobalSection
	GlobalSection(SolutionProperties) = preSolution
		HideSolutionNode = FALSE
	EndGlobalSection
EndGlobal
